
Microsoft Visual Studio Solution File, Format Version 12.00
# Visual Studio Version 17
VisualStudioVersion = 17.4.33103.184
MinimumVisualStudioVersion = 10.0.40219.1
Project("{FAE04EC0-301F-11D3-BF4B-00C04F79EFBC}") = "Priori.Francesco.4H.Mappaclasse", "Priori.Francesco.4H.Mappaclasse\Priori.Francesco.4H.Mappaclasse.csproj", "{FE5626A6-1C10-4D84-B403-8D475C64B3E6}"
EndProject
Global
	GlobalSection(SolutionConfigurationPlatforms) = preSolution
		Debug|Any CPU = Debug|Any CPU
		Release|Any CPU = Release|Any CPU
	EndGlobalSection
	GlobalSection(ProjectConfigurationPlatforms) = postSolution
		{FE5626A6-1C10-4D84-B403-8D475C64B3E6}.Debug|Any CPU.ActiveCfg = Debug|Any CPU
		{FE5626A6-1C10-4D84-B403-8D475C64B3E6}.Debug|Any CPU.Build.0 = Debug|Any CPU
		{FE5626A6-1C10-4D84-B403-8D475C64B3E6}.Release|Any CPU.ActiveCfg = Release|Any CPU
		{FE5626A6-1C10-4D84-B403-8D475C64B3E6}.Release|Any CPU.Build.0 = Release|Any CPU
	EndGlobalSection
	GlobalSection(SolutionProperties) = preSolution
		HideSolutionNode = FALSE
	EndGlobalSection
	GlobalSection(ExtensibilityGlobals) = postSolution
		SolutionGuid = {AFBDCC73-93B4-4735-839F-3E366D8394BA}
	EndGlobalSection
EndGlobal
